
Microsoft Visual Studio Solution File, Format Version 12.00
# Visual Studio Version 17
VisualStudioVersion = 17.10.35013.160
MinimumVisualStudioVersion = 10.0.40219.1
Project("{FAE04EC0-301F-11D3-BF4B-00C04F79EFBC}") = "EnigmaMachine", "EnigmaMachine.csproj", "{7153132A-4ECD-4FF3-9A1C-5FB9B1CA2FA9}"
EndProject
Global
	GlobalSection(SolutionConfigurationPlatforms) = preSolution
		Debug|Any CPU = Debug|Any CPU
		Release|Any CPU = Release|Any CPU
	EndGlobalSection
	GlobalSection(ProjectConfigurationPlatforms) = postSolution
		{7153132A-4ECD-4FF3-9A1C-5FB9B1CA2FA9}.Debug|Any CPU.ActiveCfg = Debug|Any CPU
		{7153132A-4ECD-4FF3-9A1C-5FB9B1CA2FA9}.Debug|Any CPU.Build.0 = Debug|Any CPU
		{7153132A-4ECD-4FF3-9A1C-5FB9B1CA2FA9}.Release|Any CPU.ActiveCfg = Release|Any CPU
		{7153132A-4ECD-4FF3-9A1C-5FB9B1CA2FA9}.Release|Any CPU.Build.0 = Release|Any CPU
	EndGlobalSection
	GlobalSection(SolutionProperties) = preSolution
		HideSolutionNode = FALSE
	EndGlobalSection
	GlobalSection(ExtensibilityGlobals) = postSolution
		SolutionGuid = {14E3C7EA-E23E-47E3-8BDE-E9F64D244C78}
	EndGlobalSection
EndGlobal
